{
  "version": 4,
  "terraform_version": "0.12.0",
  "serial": 21,
  "lineage": "5a9d0b48-50d8-73ab-4cc9-e7473eb80506",
  "outputs": {},
  "resources": [
    {
      "mode": "managed",
      "type": "aws_autoscaling_group",
      "name": "ingesterclient-od-asg-prodca",
      "provider": "provider.aws",
      "instances": [
        {
          "schema_version": 0,
          "attributes": {
            "arn": "arn:aws:autoscaling:ca-central-1:076900401824:autoScalingGroup:939f3ddb-89fa-45f2-887f-96db79cdbafe:autoScalingGroupName/tf-asg-20210311091447808400000006",
            "availability_zones": [
              "ca-central-1a"
            ],
            "capacity_rebalance": false,
            "default_cooldown": 300,
            "desired_capacity": 1,
            "enabled_metrics": null,
            "force_delete": false,
            "health_check_grace_period": 300,
            "health_check_type": "EC2",
            "id": "tf-asg-20210311091447808400000006",
            "initial_lifecycle_hook": [],
            "instance_refresh": [],
            "launch_configuration": "",
            "launch_template": [
              {
                "id": "lt-08db0437b81ef97e2",
                "name": "ingesterclientlaunchtemplate",
                "version": "$Latest"
              }
            ],
            "load_balancers": null,
            "max_instance_lifetime": 0,
            "max_size": 1,
            "metrics_granularity": "1Minute",
            "min_elb_capacity": null,
            "min_size": 1,
            "mixed_instances_policy": [],
            "name": "tf-asg-20210311091447808400000006",
            "name_prefix": null,
            "placement_group": "",
            "protect_from_scale_in": false,
            "service_linked_role_arn": "arn:aws:iam::076900401824:role/aws-service-role/autoscaling.amazonaws.com/AWSServiceRoleForAutoScaling",
            "suspended_processes": null,
            "tag": [],
            "tags": null,
            "target_group_arns": null,
            "termination_policies": null,
            "timeouts": null,
            "vpc_zone_identifier": [
              "subnet-0b203fd84612bcbd1"
            ],
            "wait_for_capacity_timeout": "10m",
            "wait_for_elb_capacity": null
          },
          "depends_on": [
            "aws_launch_template.ingesterclientlaunchtemplate"
          ]
        }
      ]
    },
    {
      "mode": "managed",
      "type": "aws_autoscaling_group",
      "name": "ingesterjobs-od-asg-prodca",
      "provider": "provider.aws",
      "instances": [
        {
          "schema_version": 0,
          "attributes": {
            "arn": "arn:aws:autoscaling:ca-central-1:076900401824:autoScalingGroup:702fdc6a-bb55-4e25-b535-7628bf0be520:autoScalingGroupName/tf-asg-20210311091437423900000005",
            "availability_zones": [
              "ca-central-1a"
            ],
            "capacity_rebalance": false,
            "default_cooldown": 300,
            "desired_capacity": 1,
            "enabled_metrics": null,
            "force_delete": false,
            "health_check_grace_period": 300,
            "health_check_type": "EC2",
            "id": "tf-asg-20210311091437423900000005",
            "initial_lifecycle_hook": [],
            "instance_refresh": [],
            "launch_configuration": "",
            "launch_template": [
              {
                "id": "lt-060fc942ca4ac92be",
                "name": "ingesterjobslaunchtemplate",
                "version": "$Latest"
              }
            ],
            "load_balancers": null,
            "max_instance_lifetime": 0,
            "max_size": 1,
            "metrics_granularity": "1Minute",
            "min_elb_capacity": null,
            "min_size": 1,
            "mixed_instances_policy": [],
            "name": "tf-asg-20210311091437423900000005",
            "name_prefix": null,
            "placement_group": "",
            "protect_from_scale_in": false,
            "service_linked_role_arn": "arn:aws:iam::076900401824:role/aws-service-role/autoscaling.amazonaws.com/AWSServiceRoleForAutoScaling",
            "suspended_processes": null,
            "tag": [],
            "tags": null,
            "target_group_arns": null,
            "termination_policies": null,
            "timeouts": null,
            "vpc_zone_identifier": [
              "subnet-0b203fd84612bcbd1"
            ],
            "wait_for_capacity_timeout": "10m",
            "wait_for_elb_capacity": null
          },
          "depends_on": [
            "aws_launch_template.ingesterjobslaunchtemplate"
          ]
        }
      ]
    },
    {
      "mode": "managed",
      "type": "aws_autoscaling_group",
      "name": "pyamidisagg-od-asg-prodca",
      "provider": "provider.aws",
      "instances": [
        {
          "schema_version": 0,
          "attributes": {
            "arn": "arn:aws:autoscaling:ca-central-1:076900401824:autoScalingGroup:8be3002e-f6c5-430e-b0f9-68c5676a48f1:autoScalingGroupName/tf-asg-20210311091435903600000004",
            "availability_zones": [
              "ca-central-1a"
            ],
            "capacity_rebalance": false,
            "default_cooldown": 300,
            "desired_capacity": 1,
            "enabled_metrics": null,
            "force_delete": false,
            "health_check_grace_period": 300,
            "health_check_type": "EC2",
            "id": "tf-asg-20210311091435903600000004",
            "initial_lifecycle_hook": [],
            "instance_refresh": [],
            "launch_configuration": "",
            "launch_template": [
              {
                "id": "lt-0b0a626dd2c5b0a94",
                "name": "pyamidisagglaunchtemplate",
                "version": "$Latest"
              }
            ],
            "load_balancers": null,
            "max_instance_lifetime": 0,
            "max_size": 1,
            "metrics_granularity": "1Minute",
            "min_elb_capacity": null,
            "min_size": 1,
            "mixed_instances_policy": [],
            "name": "tf-asg-20210311091435903600000004",
            "name_prefix": null,
            "placement_group": "",
            "protect_from_scale_in": false,
            "service_linked_role_arn": "arn:aws:iam::076900401824:role/aws-service-role/autoscaling.amazonaws.com/AWSServiceRoleForAutoScaling",
            "suspended_processes": null,
            "tag": [],
            "tags": null,
            "target_group_arns": null,
            "termination_policies": null,
            "timeouts": null,
            "vpc_zone_identifier": [
              "subnet-0b203fd84612bcbd1"
            ],
            "wait_for_capacity_timeout": "10m",
            "wait_for_elb_capacity": null
          },
          "depends_on": [
            "aws_launch_template.pyamidisagglaunchtemplate"
          ]
        }
      ]
    },
    {
      "mode": "managed",
      "type": "aws_launch_template",
      "name": "ingesterclientlaunchtemplate",
      "provider": "provider.aws",
      "instances": [
        {
          "schema_version": 0,
          "attributes": {
            "arn": "arn:aws:ec2:ca-central-1:076900401824:launch-template/lt-08db0437b81ef97e2",
            "block_device_mappings": [
              {
                "device_name": "/dev/sda1",
                "ebs": [
                  {
                    "delete_on_termination": "",
                    "encrypted": "",
                    "iops": 0,
                    "kms_key_id": "",
                    "snapshot_id": "",
                    "throughput": 0,
                    "volume_size": 30,
                    "volume_type": "gp2"
                  }
                ],
                "no_device": "",
                "virtual_name": ""
              }
            ],
            "capacity_reservation_specification": [],
            "cpu_options": [],
            "credit_specification": [],
            "default_version": 1,
            "description": "",
            "disable_api_termination": false,
            "ebs_optimized": "",
            "elastic_gpu_specifications": [],
            "elastic_inference_accelerator": [],
            "enclave_options": [],
            "hibernation_options": [],
            "iam_instance_profile": [
              {
                "arn": "",
                "name": "prodca-iam-instance-profile"
              }
            ],
            "id": "lt-08db0437b81ef97e2",
            "image_id": "ami-0ab2f1116d02c2ec1",
            "instance_initiated_shutdown_behavior": "",
            "instance_market_options": [],
            "instance_type": "m4.xlarge",
            "kernel_id": "",
            "key_name": "prodca",
            "latest_version": 1,
            "license_specification": [],
            "metadata_options": [],
            "monitoring": [],
            "name": "ingesterclientlaunchtemplate",
            "name_prefix": null,
            "network_interfaces": [
              {
                "associate_carrier_ip_address": "",
                "associate_public_ip_address": "false",
                "delete_on_termination": "",
                "description": "",
                "device_index": 0,
                "ipv4_address_count": 0,
                "ipv4_addresses": null,
                "ipv6_address_count": 0,
                "ipv6_addresses": null,
                "network_interface_id": "",
                "private_ip_address": "",
                "security_groups": [
                  "sg-0a3db65a3dad9644f"
                ],
                "subnet_id": "subnet-0b203fd84612bcbd1"
              }
            ],
            "placement": [
              {
                "affinity": "",
                "availability_zone": "ca-central-1a",
                "group_name": "",
                "host_id": "",
                "partition_number": 0,
                "spread_domain": "",
                "tenancy": ""
              }
            ],
            "ram_disk_id": "",
            "security_group_names": null,
            "tag_specifications": [
              {
                "resource_type": "instance",
                "tags": {
                  "Name": "ingesterclient"
                }
              }
            ],
            "tags": null,
            "update_default_version": null,
            "user_data": "IyEvYmluL2Jhc2ggLXgKPiAvdmFyL2xvZy9jbG91ZC1pbml0LW91dHB1dC5sb2cKPiAvdmFyL2xvZy9jbG91ZC1pbml0LmxvZwplY2hvICI9PT09PT09PT09PT09PT09PVVTRVIgU0NSSVBUIFNUQVJUPT09PT09PT09PT09PT09PT09PT0iCmNhdCA8PCJzZXR2YXJpYWJsZXMiID4gL3RtcC9zZXR2YXJpYWJsZXMuc2gKZXhwb3J0IFRBR05BTUU9aW5nZXN0ZXJjbGllbnQKZXhwb3J0IFRBR0NPTVBPTkVOVD1kYWVtb25zCmV4cG9ydCBUQUdFTlY9cHJvZGNhCmV4cG9ydCBPV05FUj1vcHMKZXhwb3J0IFVUSUxJVFk9YWxsCmV4cG9ydCBTVEFSVERBVEU9MjAxNy0wNy0wMlQwMDowMTowMFoKZXhwb3J0IEVORERBVEU9MjAyNy0wNy0wMlQwMDowMDowMFoKZXhwb3J0IEFNSUlEPWFtaS0wYWIyZjExMTZkMDJjMmVjMQpleHBvcnQgU05BUFNIT1RJRD0KZXhwb3J0IFNVQk5FVD1zdWJuZXQtMGIyMDNmZDg0NjEyYmNiZDEKZXhwb3J0IEpBVkFfSE9NRT0vdXNyL2xpYi9qdm0vamF2YS04LW9yYWNsZS9qcmUKZXhwb3J0IEJJREdFTFlfRU5WPXByb2QtY2EKZXhwb3J0IFNFQ1VSSVRZR1JPVVA9J3NnLTAzZTFmN2I4YjZkMTFmYTNjJwpleHBvcnQgS0VZUEFJUj1wcm9kY2EKZXhwb3J0IElOU1RBTkNFUFJPRklMRT1wcm9kY2EtaWFtLWluc3RhbmNlLXJvbGUKZXhwb3J0IFJFUE89cmVwbzIuYmlkZ2VseS5jb20KZXhwb3J0IFJFUE9ESVI9cHJvZGNhCmV4cG9ydCBTM0FSVElGQUNUU0JVQ0tFVD1iaWRnZWx5LWNhbmFkYS1zZXR1cC9pbmZyYQpleHBvcnQgQ0xPVURXQVRDSD1OTwpleHBvcnQgU05TVE9QSUM9U1BPVC1QUk9ECnNldHZhcmlhYmxlcwpjaG1vZCA3MDAgL3RtcC9zZXR2YXJpYWJsZXMuc2gKc291cmNlIC90bXAvc2V0dmFyaWFibGVzLnNoCmF3cyBzMyBjcCBzMzovL2JpZGdlbHktY2FuYWRhLXNldHVwL2luZnJhL3VzZXJkYXRhLnNoIC4KY2htb2QgNzAwIHVzZXJkYXRhLnNoCi4vdXNlcmRhdGEuc2gK",
            "vpc_security_group_ids": null
          }
        }
      ]
    },
    {
      "mode": "managed",
      "type": "aws_launch_template",
      "name": "ingesterjobslaunchtemplate",
      "provider": "provider.aws",
      "instances": [
        {
          "schema_version": 0,
          "attributes": {
            "arn": "arn:aws:ec2:ca-central-1:076900401824:launch-template/lt-060fc942ca4ac92be",
            "block_device_mappings": [
              {
                "device_name": "/dev/sda1",
                "ebs": [
                  {
                    "delete_on_termination": "",
                    "encrypted": "",
                    "iops": 0,
                    "kms_key_id": "",
                    "snapshot_id": "",
                    "throughput": 0,
                    "volume_size": 30,
                    "volume_type": "gp2"
                  }
                ],
                "no_device": "",
                "virtual_name": ""
              }
            ],
            "capacity_reservation_specification": [],
            "cpu_options": [],
            "credit_specification": [],
            "default_version": 1,
            "description": "",
            "disable_api_termination": false,
            "ebs_optimized": "",
            "elastic_gpu_specifications": [],
            "elastic_inference_accelerator": [],
            "enclave_options": [],
            "hibernation_options": [],
            "iam_instance_profile": [
              {
                "arn": "",
                "name": "prodca-iam-instance-profile"
              }
            ],
            "id": "lt-060fc942ca4ac92be",
            "image_id": "ami-0ab2f1116d02c2ec1",
            "instance_initiated_shutdown_behavior": "",
            "instance_market_options": [],
            "instance_type": "m4.xlarge",
            "kernel_id": "",
            "key_name": "prodca",
            "latest_version": 1,
            "license_specification": [],
            "metadata_options": [],
            "monitoring": [],
            "name": "ingesterjobslaunchtemplate",
            "name_prefix": null,
            "network_interfaces": [
              {
                "associate_carrier_ip_address": "",
                "associate_public_ip_address": "false",
                "delete_on_termination": "",
                "description": "",
                "device_index": 0,
                "ipv4_address_count": 0,
                "ipv4_addresses": null,
                "ipv6_address_count": 0,
                "ipv6_addresses": null,
                "network_interface_id": "",
                "private_ip_address": "",
                "security_groups": [
                  "sg-0a3db65a3dad9644f"
                ],
                "subnet_id": "subnet-0b203fd84612bcbd1"
              }
            ],
            "placement": [
              {
                "affinity": "",
                "availability_zone": "ca-central-1a",
                "group_name": "",
                "host_id": "",
                "partition_number": 0,
                "spread_domain": "",
                "tenancy": ""
              }
            ],
            "ram_disk_id": "",
            "security_group_names": null,
            "tag_specifications": [
              {
                "resource_type": "instance",
                "tags": {
                  "Name": "ingesterjobs"
                }
              }
            ],
            "tags": null,
            "update_default_version": null,
            "user_data": "IyEvYmluL2Jhc2ggLXgKPiAvdmFyL2xvZy9jbG91ZC1pbml0LW91dHB1dC5sb2cKPiAvdmFyL2xvZy9jbG91ZC1pbml0LmxvZwplY2hvICI9PT09PT09PT09PT09PT09PVVTRVIgU0NSSVBUIFNUQVJUPT09PT09PT09PT09PT09PT09PT0iCmNhdCA8PCJzZXR2YXJpYWJsZXMiID4gL3RtcC9zZXR2YXJpYWJsZXMuc2gKZXhwb3J0IFRBR05BTUU9aW5nZXN0ZXJqb2JzCmV4cG9ydCBUQUdDT01QT05FTlQ9ZGFlbW9ucwpleHBvcnQgVEFHRU5WPXByb2RjYQpleHBvcnQgT1dORVI9b3BzCmV4cG9ydCBVVElMSVRZPWFsbApleHBvcnQgU1RBUlREQVRFPTIwMTctMDctMDJUMDA6MDE6MDBaCmV4cG9ydCBFTkREQVRFPTIwMjctMDctMDJUMDA6MDA6MDBaCmV4cG9ydCBBTUlJRD1hbWktMGFiMmYxMTE2ZDAyYzJlYzEKZXhwb3J0IFNOQVBTSE9USUQ9CmV4cG9ydCBTVUJORVQ9c3VibmV0LTBiMjAzZmQ4NDYxMmJjYmQxCmV4cG9ydCBKQVZBX0hPTUU9L3Vzci9saWIvanZtL2phdmEtOC1vcmFjbGUvanJlCmV4cG9ydCBCSURHRUxZX0VOVj1wcm9kLWNhCmV4cG9ydCBTRUNVUklUWUdST1VQPSdzZy0wM2UxZjdiOGI2ZDExZmEzYycKZXhwb3J0IEtFWVBBSVI9cHJvZGNhCmV4cG9ydCBJTlNUQU5DRVBST0ZJTEU9cHJvZGNhLWlhbS1pbnN0YW5jZS1yb2xlCmV4cG9ydCBSRVBPPXJlcG8yLmJpZGdlbHkuY29tCmV4cG9ydCBSRVBPRElSPXByb2RjYQpleHBvcnQgUzNBUlRJRkFDVFNCVUNLRVQ9YmlkZ2VseS1jYW5hZGEtc2V0dXAvaW5mcmEKZXhwb3J0IENMT1VEV0FUQ0g9Tk8KZXhwb3J0IFNOU1RPUElDPVNQT1QtUFJPRApzZXR2YXJpYWJsZXMKY2htb2QgNzAwIC90bXAvc2V0dmFyaWFibGVzLnNoCnNvdXJjZSAvdG1wL3NldHZhcmlhYmxlcy5zaAphd3MgczMgY3AgczM6Ly9iaWRnZWx5LWNhbmFkYS1zZXR1cC9pbmZyYS91c2VyZGF0YS5zaCAuCmNobW9kIDcwMCB1c2VyZGF0YS5zaAouL3VzZXJkYXRhLnNoCg==",
            "vpc_security_group_ids": null
          }
        }
      ]
    },
    {
      "mode": "managed",
      "type": "aws_launch_template",
      "name": "pyamidisagglaunchtemplate",
      "provider": "provider.aws",
      "instances": [
        {
          "schema_version": 0,
          "attributes": {
            "arn": "arn:aws:ec2:ca-central-1:076900401824:launch-template/lt-0b0a626dd2c5b0a94",
            "block_device_mappings": [
              {
                "device_name": "/dev/sda1",
                "ebs": [
                  {
                    "delete_on_termination": "",
                    "encrypted": "",
                    "iops": 0,
                    "kms_key_id": "",
                    "snapshot_id": "",
                    "throughput": 0,
                    "volume_size": 30,
                    "volume_type": "gp2"
                  }
                ],
                "no_device": "",
                "virtual_name": ""
              }
            ],
            "capacity_reservation_specification": [],
            "cpu_options": [],
            "credit_specification": [],
            "default_version": 1,
            "description": "",
            "disable_api_termination": false,
            "ebs_optimized": "",
            "elastic_gpu_specifications": [],
            "elastic_inference_accelerator": [],
            "enclave_options": [],
            "hibernation_options": [],
            "iam_instance_profile": [
              {
                "arn": "",
                "name": "prodca-iam-instance-profile"
              }
            ],
            "id": "lt-0b0a626dd2c5b0a94",
            "image_id": "ami-0d6d536a37610d8b8",
            "instance_initiated_shutdown_behavior": "",
            "instance_market_options": [],
            "instance_type": "m4.xlarge",
            "kernel_id": "",
            "key_name": "prodca",
            "latest_version": 1,
            "license_specification": [],
            "metadata_options": [],
            "monitoring": [],
            "name": "pyamidisagglaunchtemplate",
            "name_prefix": null,
            "network_interfaces": [
              {
                "associate_carrier_ip_address": "",
                "associate_public_ip_address": "false",
                "delete_on_termination": "",
                "description": "",
                "device_index": 0,
                "ipv4_address_count": 0,
                "ipv4_addresses": null,
                "ipv6_address_count": 0,
                "ipv6_addresses": null,
                "network_interface_id": "",
                "private_ip_address": "",
                "security_groups": [
                  "sg-0a3db65a3dad9644f"
                ],
                "subnet_id": "subnet-0b203fd84612bcbd1"
              }
            ],
            "placement": [
              {
                "affinity": "",
                "availability_zone": "ca-central-1a",
                "group_name": "",
                "host_id": "",
                "partition_number": 0,
                "spread_domain": "",
                "tenancy": ""
              }
            ],
            "ram_disk_id": "",
            "security_group_names": null,
            "tag_specifications": [
              {
                "resource_type": "instance",
                "tags": {
                  "Name": "pyamidisagg"
                }
              }
            ],
            "tags": null,
            "update_default_version": null,
            "user_data": "IyEvYmluL2Jhc2ggLXgKPiAvdmFyL2xvZy9jbG91ZC1pbml0LW91dHB1dC5sb2cKPiAvdmFyL2xvZy9jbG91ZC1pbml0LmxvZwplY2hvICI9PT09PT09PT09PT09PT09PVVTRVIgU0NSSVBUIFNUQVJUPT09PT09PT09PT09PT09PT09PT0iCmNhdCA8PCJzZXR2YXJpYWJsZXMiID4gL3RtcC9zZXR2YXJpYWJsZXMuc2gKZXhwb3J0IFRBR05BTUU9cHlhbWlkaXNhZ2cKZXhwb3J0IFRBR0NPTVBPTkVOVD1kYWVtb25zCmV4cG9ydCBUQUdFTlY9cHJvZGNhCmV4cG9ydCBPV05FUj1vcHMKZXhwb3J0IFVUSUxJVFk9YWxsCmV4cG9ydCBTVEFSVERBVEU9MjAxNy0wNy0wMlQwMDowMTowMFoKZXhwb3J0IEVORERBVEU9MjAyNy0wNy0wMlQwMDowMDowMFoKZXhwb3J0IEFNSUlEPWFtaS0wYWIyZjExMTZkMDJjMmVjMQpleHBvcnQgU05BUFNIT1RJRD0KZXhwb3J0IFNVQk5FVD1zdWJuZXQtMGIyMDNmZDg0NjEyYmNiZDEKZXhwb3J0IEpBVkFfSE9NRT0vdXNyL2xpYi9qdm0vamF2YS04LW9yYWNsZS9qcmUKZXhwb3J0IEJJREdFTFlfRU5WPXByb2QtY2EKZXhwb3J0IFNFQ1VSSVRZR1JPVVA9J3NnLTAzZTFmN2I4YjZkMTFmYTNjJwpleHBvcnQgS0VZUEFJUj1wcm9kY2EKZXhwb3J0IElOU1RBTkNFUFJPRklMRT1wcm9kY2EtaWFtLWluc3RhbmNlLXJvbGUKZXhwb3J0IFJFUE89cmVwbzIuYmlkZ2VseS5jb20KZXhwb3J0IFJFUE9ESVI9cHJvZGNhCmV4cG9ydCBTM0FSVElGQUNUU0JVQ0tFVD1iaWRnZWx5LWNhbmFkYS1zZXR1cC9pbmZyYQpleHBvcnQgQ0xPVURXQVRDSD1OTwpleHBvcnQgU05TVE9QSUM9U1BPVC1QUk9ECnNldHZhcmlhYmxlcwpjaG1vZCA3MDAgL3RtcC9zZXR2YXJpYWJsZXMuc2gKc291cmNlIC90bXAvc2V0dmFyaWFibGVzLnNoCmF3cyBzMyBjcCBzMzovL2JpZGdlbHktY2FuYWRhLXNldHVwL2luZnJhL3VzZXJkYXRhLnNoIC4KY2htb2QgNzAwIHVzZXJkYXRhLnNoCi4vdXNlcmRhdGEuc2gK",
            "vpc_security_group_ids": null
          }
        }
      ]
    }
  ]
}
